{
  "name": "dicomweb-proxy",
  "version": "0.1.0",
  "lockfileVersion": 3,
  "requires": true,
  "packages": {
    "": {
      "name": "dicomweb-proxy",
      "version": "0.1.0",
      "license": "MIT",
      "dependencies": {
        "dcmjs": "^0.43.0",
        "dcmjs-dimse": "^0.2.7",
        "jsonc-parser": "^3.3.1"
      },
      "bin": {
        "dicomweb-proxy": "dist/index.js"
      },
      "devDependencies": {
        "@types/node": "^20.19.8",
        "typescript": "^5.0.0"
      },
      "engines": {
        "node": ">=18.0.0"
      }
    },
    "node_modules/@babel/runtime-corejs3": {
      "version": "7.28.0",
      "resolved": "https://registry.npmjs.org/@babel/runtime-corejs3/-/runtime-corejs3-7.28.0.tgz",
      "integrity": "sha512-nlIXnSqLcBij8K8TtkxbBJgfzfvi75V1pAKSM7dUXejGw12vJAqez74jZrHTsJ3Z+Aczc5Q/6JgNjKRMsVU44g==",
      "license": "MIT",
      "dependencies": {
        "core-js-pure": "^3.43.0"
      },
      "engines": {
        "node": ">=6.9.0"
      }
    },
    "node_modules/@types/node": {
      "version": "20.19.8",
      "resolved": "https://registry.npmjs.org/@types/node/-/node-20.19.8.tgz",
      "integrity": "sha512-HzbgCY53T6bfu4tT7Aq3TvViJyHjLjPNaAS3HOuMc9pw97KHsUtXNX4L+wu59g1WnjsZSko35MbEqnO58rihhw==",
      "dev": true,
      "license": "MIT",
      "dependencies": {
        "undici-types": "~6.21.0"
      }
    },
    "node_modules/adm-zip": {
      "version": "0.5.16",
      "resolved": "https://registry.npmjs.org/adm-zip/-/adm-zip-0.5.16.tgz",
      "integrity": "sha512-TGw5yVi4saajsSEgz25grObGHEUaDrniwvA2qwSC060KfqGPdglhvPMA2lPIoxs3PQIItj2iag35fONcQqgUaQ==",
      "license": "MIT",
      "engines": {
        "node": ">=12.0"
      }
    },
    "node_modules/async": {
      "version": "2.6.4",
      "resolved": "https://registry.npmjs.org/async/-/async-2.6.4.tgz",
      "integrity": "sha512-mzo5dfJYwAn29PeiJ0zvwTo04zj8HDJj0Mn8TD7sno7q12prdbnasKJHhkm2c1LgrhlJ0teaea8860oxi51mGA==",
      "license": "MIT",
      "dependencies": {
        "lodash": "^4.17.14"
      }
    },
    "node_modules/async-eventemitter": {
      "version": "0.2.4",
      "resolved": "https://registry.npmjs.org/async-eventemitter/-/async-eventemitter-0.2.4.tgz",
      "integrity": "sha512-pd20BwL7Yt1zwDFy+8MX8F1+WCT8aQeKj0kQnTrH9WaeRETlRamVhD0JtRPmrV4GfOJ2F9CvdQkZeZhnh2TuHw==",
      "license": "MIT",
      "dependencies": {
        "async": "^2.4.0"
      }
    },
    "node_modules/core-js-pure": {
      "version": "3.44.0",
      "resolved": "https://registry.npmjs.org/core-js-pure/-/core-js-pure-3.44.0.tgz",
      "integrity": "sha512-gvMQAGB4dfVUxpYD0k3Fq8J+n5bB6Ytl15lqlZrOIXFzxOhtPaObfkQGHtMRdyjIf7z2IeNULwi1jEwyS+ltKQ==",
      "hasInstallScript": true,
      "license": "MIT",
      "funding": {
        "type": "opencollective",
        "url": "https://opencollective.com/core-js"
      }
    },
    "node_modules/dcmjs": {
      "version": "0.43.0",
      "resolved": "https://registry.npmjs.org/dcmjs/-/dcmjs-0.43.0.tgz",
      "integrity": "sha512-VBzyI63zJY8TDLbRqT71qwdtTS3cV6EdBqmL+M85D6hZdEpQHaKQ7Tw5gL12jLkTCnr3GaXIJQXaxihqKUXXsA==",
      "license": "MIT",
      "dependencies": {
        "@babel/runtime-corejs3": "^7.22.5",
        "adm-zip": "^0.5.10",
        "gl-matrix": "^3.1.0",
        "lodash.clonedeep": "^4.5.0",
        "loglevel": "^1.8.1",
        "ndarray": "^1.0.19",
        "pako": "^2.0.4"
      }
    },
    "node_modules/dcmjs-codecs": {
      "version": "0.0.6",
      "resolved": "https://registry.npmjs.org/dcmjs-codecs/-/dcmjs-codecs-0.0.6.tgz",
      "integrity": "sha512-F9hgo8zpbYZVC1U7X9LobU03FPH7A2+0zkULFEoJnlWGhrVjfhvM7h1rQQpsw0+qH5qYVACMY9s/boOM905gZg==",
      "license": "MIT",
      "dependencies": {
        "dcmjs": "^0.40.0",
        "loglevel": "^1.9.2",
        "loglevel-plugin-prefix": "^0.8.4"
      },
      "funding": {
        "url": "https://github.com/PantelisGeorgiadis/dcmjs-codecs?sponsor=1"
      }
    },
    "node_modules/dcmjs-codecs/node_modules/dcmjs": {
      "version": "0.40.0",
      "resolved": "https://registry.npmjs.org/dcmjs/-/dcmjs-0.40.0.tgz",
      "integrity": "sha512-FId8dPpDg45ynIjpWF1mXlA77YcQBcE/eQGgkQpJqB0k9NF4simMYbSm9pJ5ORizYdDzOzjZpVNVym/vnFQJzQ==",
      "license": "MIT",
      "dependencies": {
        "@babel/runtime-corejs3": "^7.22.5",
        "adm-zip": "^0.5.10",
        "gl-matrix": "^3.1.0",
        "lodash.clonedeep": "^4.5.0",
        "loglevel": "^1.8.1",
        "ndarray": "^1.0.19",
        "pako": "^2.0.4"
      }
    },
    "node_modules/dcmjs-dimse": {
      "version": "0.2.7",
      "resolved": "https://registry.npmjs.org/dcmjs-dimse/-/dcmjs-dimse-0.2.7.tgz",
      "integrity": "sha512-CRw3/6mgSkfa77Xf1zJHMCSN7pUkwirSBkkUbKEE5hkgDgoTDQNS+zcQHyiu43gEGyTIqo+A9Be/DSNtPrMxSQ==",
      "license": "MIT",
      "dependencies": {
        "async-eventemitter": "^0.2.4",
        "dcmjs": "^0.40.0",
        "dcmjs-codecs": "^0.0.6",
        "loglevel": "^1.9.2",
        "loglevel-plugin-prefix": "^0.8.4",
        "memorystream": "^0.3.1",
        "smart-buffer": "^4.2.0",
        "ts-mixer": "^6.0.4"
      },
      "funding": {
        "url": "https://github.com/PantelisGeorgiadis/dcmjs-dimse?sponsor=1"
      }
    },
    "node_modules/dcmjs-dimse/node_modules/dcmjs": {
      "version": "0.40.0",
      "resolved": "https://registry.npmjs.org/dcmjs/-/dcmjs-0.40.0.tgz",
      "integrity": "sha512-FId8dPpDg45ynIjpWF1mXlA77YcQBcE/eQGgkQpJqB0k9NF4simMYbSm9pJ5ORizYdDzOzjZpVNVym/vnFQJzQ==",
      "license": "MIT",
      "dependencies": {
        "@babel/runtime-corejs3": "^7.22.5",
        "adm-zip": "^0.5.10",
        "gl-matrix": "^3.1.0",
        "lodash.clonedeep": "^4.5.0",
        "loglevel": "^1.8.1",
        "ndarray": "^1.0.19",
        "pako": "^2.0.4"
      }
    },
    "node_modules/gl-matrix": {
      "version": "3.4.3",
      "resolved": "https://registry.npmjs.org/gl-matrix/-/gl-matrix-3.4.3.tgz",
      "integrity": "sha512-wcCp8vu8FT22BnvKVPjXa/ICBWRq/zjFfdofZy1WSpQZpphblv12/bOQLBC1rMM7SGOFS9ltVmKOHil5+Ml7gA==",
      "license": "MIT"
    },
    "node_modules/iota-array": {
      "version": "1.0.0",
      "resolved": "https://registry.npmjs.org/iota-array/-/iota-array-1.0.0.tgz",
      "integrity": "sha512-pZ2xT+LOHckCatGQ3DcG/a+QuEqvoxqkiL7tvE8nn3uuu+f6i1TtpB5/FtWFbxUuVr5PZCx8KskuGatbJDXOWA==",
      "license": "MIT"
    },
    "node_modules/is-buffer": {
      "version": "1.1.6",
      "resolved": "https://registry.npmjs.org/is-buffer/-/is-buffer-1.1.6.tgz",
      "integrity": "sha512-NcdALwpXkTm5Zvvbk7owOUSvVvBKDgKP5/ewfXEznmQFfs4ZRmanOeKBTjRVjka3QFoN6XJ+9F3USqfHqTaU5w==",
      "license": "MIT"
    },
    "node_modules/jsonc-parser": {
      "version": "3.3.1",
      "resolved": "https://registry.npmjs.org/jsonc-parser/-/jsonc-parser-3.3.1.tgz",
      "integrity": "sha512-HUgH65KyejrUFPvHFPbqOY0rsFip3Bo5wb4ngvdi1EpCYWUQDC5V+Y7mZws+DLkr4M//zQJoanu1SP+87Dv1oQ==",
      "license": "MIT"
    },
    "node_modules/lodash": {
      "version": "4.17.21",
      "resolved": "https://registry.npmjs.org/lodash/-/lodash-4.17.21.tgz",
      "integrity": "sha512-v2kDEe57lecTulaDIuNTPy3Ry4gLGJ6Z1O3vE1krgXZNrsQ+LFTGHVxVjcXPs17LhbZVGedAJv8XZ1tvj5FvSg==",
      "license": "MIT"
    },
    "node_modules/lodash.clonedeep": {
      "version": "4.5.0",
      "resolved": "https://registry.npmjs.org/lodash.clonedeep/-/lodash.clonedeep-4.5.0.tgz",
      "integrity": "sha512-H5ZhCF25riFd9uB5UCkVKo61m3S/xZk1x4wA6yp/L3RFP6Z/eHH1ymQcGLo7J3GMPfm0V/7m1tryHuGVxpqEBQ==",
      "license": "MIT"
    },
    "node_modules/loglevel": {
      "version": "1.9.2",
      "resolved": "https://registry.npmjs.org/loglevel/-/loglevel-1.9.2.tgz",
      "integrity": "sha512-HgMmCqIJSAKqo68l0rS2AanEWfkxaZ5wNiEFb5ggm08lDs9Xl2KxBlX3PTcaD2chBM1gXAYf491/M2Rv8Jwayg==",
      "license": "MIT",
      "engines": {
        "node": ">= 0.6.0"
      },
      "funding": {
        "type": "tidelift",
        "url": "https://tidelift.com/funding/github/npm/loglevel"
      }
    },
    "node_modules/loglevel-plugin-prefix": {
      "version": "0.8.4",
      "resolved": "https://registry.npmjs.org/loglevel-plugin-prefix/-/loglevel-plugin-prefix-0.8.4.tgz",
      "integrity": "sha512-WpG9CcFAOjz/FtNht+QJeGpvVl/cdR6P0z6OcXSkr8wFJOsV2GRj2j10JLfjuA4aYkcKCNIEqRGCyTife9R8/g==",
      "license": "MIT"
    },
    "node_modules/memorystream": {
      "version": "0.3.1",
      "resolved": "https://registry.npmjs.org/memorystream/-/memorystream-0.3.1.tgz",
      "integrity": "sha512-S3UwM3yj5mtUSEfP41UZmt/0SCoVYUcU1rkXv+BQ5Ig8ndL4sPoJNBUJERafdPb5jjHJGuMgytgKvKIf58XNBw==",
      "engines": {
        "node": ">= 0.10.0"
      }
    },
    "node_modules/ndarray": {
      "version": "1.0.19",
      "resolved": "https://registry.npmjs.org/ndarray/-/ndarray-1.0.19.tgz",
      "integrity": "sha512-B4JHA4vdyZU30ELBw3g7/p9bZupyew5a7tX1Y/gGeF2hafrPaQZhgrGQfsvgfYbgdFZjYwuEcnaobeM/WMW+HQ==",
      "license": "MIT",
      "dependencies": {
        "iota-array": "^1.0.0",
        "is-buffer": "^1.0.2"
      }
    },
    "node_modules/pako": {
      "version": "2.1.0",
      "resolved": "https://registry.npmjs.org/pako/-/pako-2.1.0.tgz",
      "integrity": "sha512-w+eufiZ1WuJYgPXbV/PO3NCMEc3xqylkKHzp8bxp1uW4qaSNQUkwmLLEc3kKsfz8lpV1F8Ht3U1Cm+9Srog2ug==",
      "license": "(MIT AND Zlib)"
    },
    "node_modules/smart-buffer": {
      "version": "4.2.0",
      "resolved": "https://registry.npmjs.org/smart-buffer/-/smart-buffer-4.2.0.tgz",
      "integrity": "sha512-94hK0Hh8rPqQl2xXc3HsaBoOXKV20MToPkcXvwbISWLEs+64sBq5kFgn2kJDHb1Pry9yrP0dxrCI9RRci7RXKg==",
      "license": "MIT",
      "engines": {
        "node": ">= 6.0.0",
        "npm": ">= 3.0.0"
      }
    },
    "node_modules/ts-mixer": {
      "version": "6.0.4",
      "resolved": "https://registry.npmjs.org/ts-mixer/-/ts-mixer-6.0.4.tgz",
      "integrity": "sha512-ufKpbmrugz5Aou4wcr5Wc1UUFWOLhq+Fm6qa6P0w0K5Qw2yhaUoiWszhCVuNQyNwrlGiscHOmqYoAox1PtvgjA==",
      "license": "MIT"
    },
    "node_modules/typescript": {
      "version": "5.8.3",
      "resolved": "https://registry.npmjs.org/typescript/-/typescript-5.8.3.tgz",
      "integrity": "sha512-p1diW6TqL9L07nNxvRMM7hMMw4c5XOo/1ibL4aAIGmSAt9slTE1Xgw5KWuof2uTOvCg9BY7ZRi+GaF+7sfgPeQ==",
      "dev": true,
      "license": "Apache-2.0",
      "bin": {
        "tsc": "bin/tsc",
        "tsserver": "bin/tsserver"
      },
      "engines": {
        "node": ">=14.17"
      }
    },
    "node_modules/undici-types": {
      "version": "6.21.0",
      "resolved": "https://registry.npmjs.org/undici-types/-/undici-types-6.21.0.tgz",
      "integrity": "sha512-iwDZqg0QAGrg9Rav5H4n0M64c3mkR59cJ6wQp+7C4nI0gsmExaedaYLNO44eT4AtBBwjbTiGPMlt2Md0T9H9JQ==",
      "dev": true,
      "license": "MIT"
    }
  }
}
